// !$*UTF8*$!
{
	archiveVersion = 1;
	classes = {
	};
	objectVersion = 55;
	objects = {

/* Begin PBXBuildFile section */
		DB4747D22812ADD100D11F09 /* RoutineSRP.swift in Sources */ = {isa = PBXBuildFile; fileRef = DB4747D12812ADD100D11F09 /* RoutineSRP.swift */; };
		DB4747D62812AF2F00D11F09 /* ExercisesTools.swift in Sources */ = {isa = PBXBuildFile; fileRef = DB4747D52812AF2F00D11F09 /* ExercisesTools.swift */; };
		DB4747DA2812AFC600D11F09 /* RoutineData.swift in Sources */ = {isa = PBXBuildFile; fileRef = DB4747D92812AFC600D11F09 /* RoutineData.swift */; };
		DB5BA66A280E146B0019E720 /* main.swift in Sources */ = {isa = PBXBuildFile; fileRef = DB5BA669280E146B0019E720 /* main.swift */; };
		DB5BA672280E14A70019E720 /* Exercise.swift in Sources */ = {isa = PBXBuildFile; fileRef = DB5BA671280E14A70019E720 /* Exercise.swift */; };
		DB5BA674280E15050019E720 /* Enums.swift in Sources */ = {isa = PBXBuildFile; fileRef = DB5BA673280E15050019E720 /* Enums.swift */; };
		DB5BA676280E18850019E720 /* Constants.swift in Sources */ = {isa = PBXBuildFile; fileRef = DB5BA675280E18850019E720 /* Constants.swift */; };
		DB5BA679280E19CD0019E720 /* Routine.swift in Sources */ = {isa = PBXBuildFile; fileRef = DB5BA678280E19CD0019E720 /* Routine.swift */; };
/* End PBXBuildFile section */

/* Begin PBXCopyFilesBuildPhase section */
		DB5BA664280E146B0019E720 /* CopyFiles */ = {
			isa = PBXCopyFilesBuildPhase;
			buildActionMask = 2147483647;
			dstPath = /usr/share/man/man1/;
			dstSubfolderSpec = 0;
			files = (
			);
			runOnlyForDeploymentPostprocessing = 1;
		};
/* End PBXCopyFilesBuildPhase section */

/* Begin PBXFileReference section */
		DB4747D12812ADD100D11F09 /* RoutineSRP.swift */ = {isa = PBXFileReference; lastKnownFileType = sourcecode.swift; path = RoutineSRP.swift; sourceTree = "<group>"; };
		DB4747D52812AF2F00D11F09 /* ExercisesTools.swift */ = {isa = PBXFileReference; lastKnownFileType = sourcecode.swift; path = ExercisesTools.swift; sourceTree = "<group>"; };
		DB4747D92812AFC600D11F09 /* RoutineData.swift */ = {isa = PBXFileReference; lastKnownFileType = sourcecode.swift; path = RoutineData.swift; sourceTree = "<group>"; };
		DB5BA666280E146B0019E720 /* Solid_StepByStep */ = {isa = PBXFileReference; explicitFileType = "compiled.mach-o.executable"; includeInIndex = 0; path = Solid_StepByStep; sourceTree = BUILT_PRODUCTS_DIR; };
		DB5BA669280E146B0019E720 /* main.swift */ = {isa = PBXFileReference; lastKnownFileType = sourcecode.swift; path = main.swift; sourceTree = "<group>"; };
		DB5BA671280E14A70019E720 /* Exercise.swift */ = {isa = PBXFileReference; lastKnownFileType = sourcecode.swift; path = Exercise.swift; sourceTree = "<group>"; };
		DB5BA673280E15050019E720 /* Enums.swift */ = {isa = PBXFileReference; lastKnownFileType = sourcecode.swift; path = Enums.swift; sourceTree = "<group>"; };
		DB5BA675280E18850019E720 /* Constants.swift */ = {isa = PBXFileReference; lastKnownFileType = sourcecode.swift; path = Constants.swift; sourceTree = "<group>"; };
		DB5BA678280E19CD0019E720 /* Routine.swift */ = {isa = PBXFileReference; lastKnownFileType = sourcecode.swift; path = Routine.swift; sourceTree = "<group>"; };
/* End PBXFileReference section */

/* Begin PBXFrameworksBuildPhase section */
		DB5BA663280E146B0019E720 /* Frameworks */ = {
			isa = PBXFrameworksBuildPhase;
			buildActionMask = 2147483647;
			files = (
			);
			runOnlyForDeploymentPostprocessing = 0;
		};
/* End PBXFrameworksBuildPhase section */

/* Begin PBXGroup section */
		DB4747D02812AD9000D11F09 /* RoutineSRP */ = {
			isa = PBXGroup;
			children = (
				DB4747D12812ADD100D11F09 /* RoutineSRP.swift */,
				DB4747D52812AF2F00D11F09 /* ExercisesTools.swift */,
				DB4747D92812AFC600D11F09 /* RoutineData.swift */,
			);
			path = RoutineSRP;
			sourceTree = "<group>";
		};
		DB5BA65D280E146B0019E720 = {
			isa = PBXGroup;
			children = (
				DB5BA668280E146B0019E720 /* Solid_StepByStep */,
				DB5BA667280E146B0019E720 /* Products */,
			);
			sourceTree = "<group>";
		};
		DB5BA667280E146B0019E720 /* Products */ = {
			isa = PBXGroup;
			children = (
				DB5BA666280E146B0019E720 /* Solid_StepByStep */,
			);
			name = Products;
			sourceTree = "<group>";
		};
		DB5BA668280E146B0019E720 /* Solid_StepByStep */ = {
			isa = PBXGroup;
			children = (
				DB5BA677280E196F0019E720 /* Routine */,
				DB4747D02812AD9000D11F09 /* RoutineSRP */,
				DB5BA670280E14810019E720 /* Models */,
				DB5BA669280E146B0019E720 /* main.swift */,
			);
			path = Solid_StepByStep;
			sourceTree = "<group>";
		};
		DB5BA670280E14810019E720 /* Models */ = {
			isa = PBXGroup;
			children = (
				DB5BA671280E14A70019E720 /* Exercise.swift */,
				DB5BA673280E15050019E720 /* Enums.swift */,
				DB5BA675280E18850019E720 /* Constants.swift */,
			);
			path = Models;
			sourceTree = "<group>";
		};
		DB5BA677280E196F0019E720 /* Routine */ = {
			isa = PBXGroup;
			children = (
				DB5BA678280E19CD0019E720 /* Routine.swift */,
			);
			path = Routine;
			sourceTree = "<group>";
		};
/* End PBXGroup section */

/* Begin PBXNativeTarget section */
		DB5BA665280E146B0019E720 /* Solid_StepByStep */ = {
			isa = PBXNativeTarget;
			buildConfigurationList = DB5BA66D280E146B0019E720 /* Build configuration list for PBXNativeTarget "Solid_StepByStep" */;
			buildPhases = (
				DB5BA662280E146B0019E720 /* Sources */,
				DB5BA663280E146B0019E720 /* Frameworks */,
				DB5BA664280E146B0019E720 /* CopyFiles */,
			);
			buildRules = (
			);
			dependencies = (
			);
			name = Solid_StepByStep;
			productName = Solid_StepByStep;
			productReference = DB5BA666280E146B0019E720 /* Solid_StepByStep */;
			productType = "com.apple.product-type.tool";
		};
/* End PBXNativeTarget section */

/* Begin PBXProject section */
		DB5BA65E280E146B0019E720 /* Project object */ = {
			isa = PBXProject;
			attributes = {
				BuildIndependentTargetsInParallel = 1;
				LastSwiftUpdateCheck = 1330;
				LastUpgradeCheck = 1330;
				TargetAttributes = {
					DB5BA665280E146B0019E720 = {
						CreatedOnToolsVersion = 13.3.1;
					};
				};
			};
			buildConfigurationList = DB5BA661280E146B0019E720 /* Build configuration list for PBXProject "Solid_StepByStep" */;
			compatibilityVersion = "Xcode 13.0";
			developmentRegion = en;
			hasScannedForEncodings = 0;
			knownRegions = (
				en,
				Base,
			);
			mainGroup = DB5BA65D280E146B0019E720;
			productRefGroup = DB5BA667280E146B0019E720 /* Products */;
			projectDirPath = "";
			projectRoot = "";
			targets = (
				DB5BA665280E146B0019E720 /* Solid_StepByStep */,
			);
		};
/* End PBXProject section */

/* Begin PBXSourcesBuildPhase section */
		DB5BA662280E146B0019E720 /* Sources */ = {
			isa = PBXSourcesBuildPhase;
			buildActionMask = 2147483647;
			files = (
				DB5BA679280E19CD0019E720 /* Routine.swift in Sources */,
				DB5BA66A280E146B0019E720 /* main.swift in Sources */,
				DB4747D62812AF2F00D11F09 /* ExercisesTools.swift in Sources */,
				DB5BA674280E15050019E720 /* Enums.swift in Sources */,
				DB4747DA2812AFC600D11F09 /* RoutineData.swift in Sources */,
				DB5BA672280E14A70019E720 /* Exercise.swift in Sources */,
				DB4747D22812ADD100D11F09 /* RoutineSRP.swift in Sources */,
				DB5BA676280E18850019E720 /* Constants.swift in Sources */,
			);
			runOnlyForDeploymentPostprocessing = 0;
		};
/* End PBXSourcesBuildPhase section */

/* Begin XCBuildConfiguration section */
		DB5BA66B280E146B0019E720 /* Debug */ = {
			isa = XCBuildConfiguration;
			buildSettings = {
				ALWAYS_SEARCH_USER_PATHS = NO;
				CLANG_ANALYZER_NONNULL = YES;
				CLANG_ANALYZER_NUMBER_OBJECT_CONVERSION = YES_AGGRESSIVE;
				CLANG_CXX_LANGUAGE_STANDARD = "gnu++17";
				CLANG_ENABLE_MODULES = YES;
				CLANG_ENABLE_OBJC_ARC = YES;
				CLANG_ENABLE_OBJC_WEAK = YES;
				CLANG_WARN_BLOCK_CAPTURE_AUTORELEASING = YES;
				CLANG_WARN_BOOL_CONVERSION = YES;
				CLANG_WARN_COMMA = YES;
				CLANG_WARN_CONSTANT_CONVERSION = YES;
				CLANG_WARN_DEPRECATED_OBJC_IMPLEMENTATIONS = YES;
				CLANG_WARN_DIRECT_OBJC_ISA_USAGE = YES_ERROR;
				CLANG_WARN_DOCUMENTATION_COMMENTS = YES;
				CLANG_WARN_EMPTY_BODY = YES;
				CLANG_WARN_ENUM_CONVERSION = YES;
				CLANG_WARN_INFINITE_RECURSION = YES;
				CLANG_WARN_INT_CONVERSION = YES;
				CLANG_WARN_NON_LITERAL_NULL_CONVERSION = YES;
				CLANG_WARN_OBJC_IMPLICIT_RETAIN_SELF = YES;
				CLANG_WARN_OBJC_LITERAL_CONVERSION = YES;
				CLANG_WARN_OBJC_ROOT_CLASS = YES_ERROR;
				CLANG_WARN_QUOTED_INCLUDE_IN_FRAMEWORK_HEADER = YES;
				CLANG_WARN_RANGE_LOOP_ANALYSIS = YES;
				CLANG_WARN_STRICT_PROTOTYPES = YES;
				CLANG_WARN_SUSPICIOUS_MOVE = YES;
				CLANG_WARN_UNGUARDED_AVAILABILITY = YES_AGGRESSIVE;
				CLANG_WARN_UNREACHABLE_CODE = YES;
				CLANG_WARN__DUPLICATE_METHOD_MATCH = YES;
				COPY_PHASE_STRIP = NO;
				DEBUG_INFORMATION_FORMAT = dwarf;
				ENABLE_STRICT_OBJC_MSGSEND = YES;
				ENABLE_TESTABILITY = YES;
				GCC_C_LANGUAGE_STANDARD = gnu11;
				GCC_DYNAMIC_NO_PIC = NO;
				GCC_NO_COMMON_BLOCKS = YES;
				GCC_OPTIMIZATION_LEVEL = 0;
				GCC_PREPROCESSOR_DEFINITIONS = (
					"DEBUG=1",
					"$(inherited)",
				);
				GCC_WARN_64_TO_32_BIT_CONVERSION = YES;
				GCC_WARN_ABOUT_RETURN_TYPE = YES_ERROR;
				GCC_WARN_UNDECLARED_SELECTOR = YES;
				GCC_WARN_UNINITIALIZED_AUTOS = YES_AGGRESSIVE;
				GCC_WARN_UNUSED_FUNCTION = YES;
				GCC_WARN_UNUSED_VARIABLE = YES;
				MACOSX_DEPLOYMENT_TARGET = 12.3;
				MTL_ENABLE_DEBUG_INFO = INCLUDE_SOURCE;
				MTL_FAST_MATH = YES;
				ONLY_ACTIVE_ARCH = YES;
				SDKROOT = macosx;
				SWIFT_ACTIVE_COMPILATION_CONDITIONS = DEBUG;
				SWIFT_OPTIMIZATION_LEVEL = "-Onone";
			};
			name = Debug;
		};
		DB5BA66C280E146B0019E720 /* Release */ = {
			isa = XCBuildConfiguration;
			buildSettings = {
				ALWAYS_SEARCH_USER_PATHS = NO;
				CLANG_ANALYZER_NONNULL = YES;
				CLANG_ANALYZER_NUMBER_OBJECT_CONVERSION = YES_AGGRESSIVE;
				CLANG_CXX_LANGUAGE_STANDARD = "gnu++17";
				CLANG_ENABLE_MODULES = YES;
				CLANG_ENABLE_OBJC_ARC = YES;
				CLANG_ENABLE_OBJC_WEAK = YES;
				CLANG_WARN_BLOCK_CAPTURE_AUTORELEASING = YES;
				CLANG_WARN_BOOL_CONVERSION = YES;
				CLANG_WARN_COMMA = YES;
				CLANG_WARN_CONSTANT_CONVERSION = YES;
				CLANG_WARN_DEPRECATED_OBJC_IMPLEMENTATIONS = YES;
				CLANG_WARN_DIRECT_OBJC_ISA_USAGE = YES_ERROR;
				CLANG_WARN_DOCUMENTATION_COMMENTS = YES;
				CLANG_WARN_EMPTY_BODY = YES;
				CLANG_WARN_ENUM_CONVERSION = YES;
				CLANG_WARN_INFINITE_RECURSION = YES;
				CLANG_WARN_INT_CONVERSION = YES;
				CLANG_WARN_NON_LITERAL_NULL_CONVERSION = YES;
				CLANG_WARN_OBJC_IMPLICIT_RETAIN_SELF = YES;
				CLANG_WARN_OBJC_LITERAL_CONVERSION = YES;
				CLANG_WARN_OBJC_ROOT_CLASS = YES_ERROR;
				CLANG_WARN_QUOTED_INCLUDE_IN_FRAMEWORK_HEADER = YES;
				CLANG_WARN_RANGE_LOOP_ANALYSIS = YES;
				CLANG_WARN_STRICT_PROTOTYPES = YES;
				CLANG_WARN_SUSPICIOUS_MOVE = YES;
				CLANG_WARN_UNGUARDED_AVAILABILITY = YES_AGGRESSIVE;
				CLANG_WARN_UNREACHABLE_CODE = YES;
				CLANG_WARN__DUPLICATE_METHOD_MATCH = YES;
				COPY_PHASE_STRIP = NO;
				DEBUG_INFORMATION_FORMAT = "dwarf-with-dsym";
				ENABLE_NS_ASSERTIONS = NO;
				ENABLE_STRICT_OBJC_MSGSEND = YES;
				GCC_C_LANGUAGE_STANDARD = gnu11;
				GCC_NO_COMMON_BLOCKS = YES;
				GCC_WARN_64_TO_32_BIT_CONVERSION = YES;
				GCC_WARN_ABOUT_RETURN_TYPE = YES_ERROR;
				GCC_WARN_UNDECLARED_SELECTOR = YES;
				GCC_WARN_UNINITIALIZED_AUTOS = YES_AGGRESSIVE;
				GCC_WARN_UNUSED_FUNCTION = YES;
				GCC_WARN_UNUSED_VARIABLE = YES;
				MACOSX_DEPLOYMENT_TARGET = 12.3;
				MTL_ENABLE_DEBUG_INFO = NO;
				MTL_FAST_MATH = YES;
				SDKROOT = macosx;
				SWIFT_COMPILATION_MODE = wholemodule;
				SWIFT_OPTIMIZATION_LEVEL = "-O";
			};
			name = Release;
		};
		DB5BA66E280E146B0019E720 /* Debug */ = {
			isa = XCBuildConfiguration;
			buildSettings = {
				CODE_SIGN_STYLE = Automatic;
				DEVELOPMENT_TEAM = 348MZJ2SHN;
				ENABLE_HARDENED_RUNTIME = YES;
				PRODUCT_BUNDLE_IDENTIFIER = "es.osdev.solid-stepbystep";
				PRODUCT_NAME = "$(TARGET_NAME)";
				SWIFT_VERSION = 5.0;
			};
			name = Debug;
		};
		DB5BA66F280E146B0019E720 /* Release */ = {
			isa = XCBuildConfiguration;
			buildSettings = {
				CODE_SIGN_STYLE = Automatic;
				DEVELOPMENT_TEAM = 348MZJ2SHN;
				ENABLE_HARDENED_RUNTIME = YES;
				PRODUCT_BUNDLE_IDENTIFIER = "es.osdev.solid-stepbystep";
				PRODUCT_NAME = "$(TARGET_NAME)";
				SWIFT_VERSION = 5.0;
			};
			name = Release;
		};
/* End XCBuildConfiguration section */

/* Begin XCConfigurationList section */
		DB5BA661280E146B0019E720 /* Build configuration list for PBXProject "Solid_StepByStep" */ = {
			isa = XCConfigurationList;
			buildConfigurations = (
				DB5BA66B280E146B0019E720 /* Debug */,
				DB5BA66C280E146B0019E720 /* Release */,
			);
			defaultConfigurationIsVisible = 0;
			defaultConfigurationName = Release;
		};
		DB5BA66D280E146B0019E720 /* Build configuration list for PBXNativeTarget "Solid_StepByStep" */ = {
			isa = XCConfigurationList;
			buildConfigurations = (
				DB5BA66E280E146B0019E720 /* Debug */,
				DB5BA66F280E146B0019E720 /* Release */,
			);
			defaultConfigurationIsVisible = 0;
			defaultConfigurationName = Release;
		};
/* End XCConfigurationList section */
	};
	rootObject = DB5BA65E280E146B0019E720 /* Project object */;
}
